// !$*UTF8*$!
{
	archiveVersion = 1;
	classes = {
	};
	objectVersion = 50;
	objects = {

/* Begin PBXBuildFile section */
		EE315618250FFFB200CAD3FD /* sha2.c in Sources */ = {isa = PBXBuildFile; fileRef = EE559FE524F700BF006BA9E8 /* sha2.c */; };
		EE315619250FFFB600CAD3FD /* simdhash.h in Headers */ = {isa = PBXBuildFile; fileRef = EE559FE424F700BF006BA9E8 /* simdhash.h */; settings = {ATTRIBUTES = (Public, ); }; };
		EE6F9C8525B84C0400551C54 /* sha1.c in Sources */ = {isa = PBXBuildFile; fileRef = EE6F9C8425B84C0400551C54 /* sha1.c */; };
		EEA8745325A7B12000E451FA /* main.c in Sources */ = {isa = PBXBuildFile; fileRef = EEA8745225A7B12000E451FA /* main.c */; };
		EEA8745D25A7B36B00E451FA /* libSimdHash.dylib in Frameworks */ = {isa = PBXBuildFile; fileRef = EE315614250FFF9700CAD3FD /* libSimdHash.dylib */; };
		EEF59A2C25B9DCFF00240F2B /* shacommon.c in Sources */ = {isa = PBXBuildFile; fileRef = EEF59A2B25B9DCFF00240F2B /* shacommon.c */; };
/* End PBXBuildFile section */

/* Begin PBXCopyFilesBuildPhase section */
		EEA8744E25A7B12000E451FA /* CopyFiles */ = {
			isa = PBXCopyFilesBuildPhase;
			buildActionMask = 2147483647;
			dstPath = /usr/share/man/man1/;
			dstSubfolderSpec = 0;
			files = (
			);
			runOnlyForDeploymentPostprocessing = 1;
		};
/* End PBXCopyFilesBuildPhase section */

/* Begin PBXFileReference section */
		EE315614250FFF9700CAD3FD /* libSimdHash.dylib */ = {isa = PBXFileReference; explicitFileType = "compiled.mach-o.dylib"; includeInIndex = 0; path = libSimdHash.dylib; sourceTree = BUILT_PRODUCTS_DIR; };
		EE559FE424F700BF006BA9E8 /* simdhash.h */ = {isa = PBXFileReference; lastKnownFileType = sourcecode.c.h; path = simdhash.h; sourceTree = "<group>"; };
		EE559FE524F700BF006BA9E8 /* sha2.c */ = {isa = PBXFileReference; lastKnownFileType = sourcecode.c.c; path = sha2.c; sourceTree = "<group>"; };
		EE6F9C8425B84C0400551C54 /* sha1.c */ = {isa = PBXFileReference; lastKnownFileType = sourcecode.c.c; path = sha1.c; sourceTree = "<group>"; };
		EE6F9C8825B84C2300551C54 /* simdcommon.h */ = {isa = PBXFileReference; lastKnownFileType = sourcecode.c.h; path = simdcommon.h; sourceTree = "<group>"; };
		EE6F9C8B25B84D2300551C54 /* shacommon.h */ = {isa = PBXFileReference; lastKnownFileType = sourcecode.c.h; path = shacommon.h; sourceTree = "<group>"; };
		EEA8745025A7B12000E451FA /* SimdHashTest */ = {isa = PBXFileReference; explicitFileType = "compiled.mach-o.executable"; includeInIndex = 0; path = SimdHashTest; sourceTree = BUILT_PRODUCTS_DIR; };
		EEA8745225A7B12000E451FA /* main.c */ = {isa = PBXFileReference; lastKnownFileType = sourcecode.c.c; path = main.c; sourceTree = "<group>"; };
		EEF59A2B25B9DCFF00240F2B /* shacommon.c */ = {isa = PBXFileReference; lastKnownFileType = sourcecode.c.c; path = shacommon.c; sourceTree = "<group>"; };
/* End PBXFileReference section */

/* Begin PBXFrameworksBuildPhase section */
		EE315612250FFF9700CAD3FD /* Frameworks */ = {
			isa = PBXFrameworksBuildPhase;
			buildActionMask = 2147483647;
			files = (
			);
			runOnlyForDeploymentPostprocessing = 0;
		};
		EEA8744D25A7B12000E451FA /* Frameworks */ = {
			isa = PBXFrameworksBuildPhase;
			buildActionMask = 2147483647;
			files = (
				EEA8745D25A7B36B00E451FA /* libSimdHash.dylib in Frameworks */,
			);
			runOnlyForDeploymentPostprocessing = 0;
		};
/* End PBXFrameworksBuildPhase section */

/* Begin PBXGroup section */
		EE559FBE24F5B07A006BA9E8 = {
			isa = PBXGroup;
			children = (
				EE559FC924F5B07A006BA9E8 /* SimdHash */,
				EEA8745125A7B12000E451FA /* SimdHashTest */,
				EE559FC824F5B07A006BA9E8 /* Products */,
				EEA8745C25A7B36B00E451FA /* Frameworks */,
			);
			sourceTree = "<group>";
		};
		EE559FC824F5B07A006BA9E8 /* Products */ = {
			isa = PBXGroup;
			children = (
				EE315614250FFF9700CAD3FD /* libSimdHash.dylib */,
				EEA8745025A7B12000E451FA /* SimdHashTest */,
			);
			name = Products;
			sourceTree = "<group>";
		};
		EE559FC924F5B07A006BA9E8 /* SimdHash */ = {
			isa = PBXGroup;
			children = (
				EE559FE424F700BF006BA9E8 /* simdhash.h */,
				EE6F9C8825B84C2300551C54 /* simdcommon.h */,
				EE6F9C8B25B84D2300551C54 /* shacommon.h */,
				EE6F9C8425B84C0400551C54 /* sha1.c */,
				EE559FE524F700BF006BA9E8 /* sha2.c */,
				EEF59A2B25B9DCFF00240F2B /* shacommon.c */,
			);
			path = SimdHash;
			sourceTree = "<group>";
		};
		EEA8745125A7B12000E451FA /* SimdHashTest */ = {
			isa = PBXGroup;
			children = (
				EEA8745225A7B12000E451FA /* main.c */,
			);
			path = SimdHashTest;
			sourceTree = "<group>";
		};
		EEA8745C25A7B36B00E451FA /* Frameworks */ = {
			isa = PBXGroup;
			children = (
			);
			name = Frameworks;
			sourceTree = "<group>";
		};
/* End PBXGroup section */

/* Begin PBXHeadersBuildPhase section */
		EE315610250FFF9700CAD3FD /* Headers */ = {
			isa = PBXHeadersBuildPhase;
			buildActionMask = 2147483647;
			files = (
				EE315619250FFFB600CAD3FD /* simdhash.h in Headers */,
			);
			runOnlyForDeploymentPostprocessing = 0;
		};
/* End PBXHeadersBuildPhase section */

/* Begin PBXNativeTarget section */
		EE315613250FFF9700CAD3FD /* SimdHash */ = {
			isa = PBXNativeTarget;
			buildConfigurationList = EE315615250FFF9800CAD3FD /* Build configuration list for PBXNativeTarget "SimdHash" */;
			buildPhases = (
				EE315610250FFF9700CAD3FD /* Headers */,
				EE315611250FFF9700CAD3FD /* Sources */,
				EE315612250FFF9700CAD3FD /* Frameworks */,
			);
			buildRules = (
			);
			dependencies = (
			);
			name = SimdHash;
			productName = SimdHash;
			productReference = EE315614250FFF9700CAD3FD /* libSimdHash.dylib */;
			productType = "com.apple.product-type.library.dynamic";
		};
		EEA8744F25A7B12000E451FA /* SimdHashTest */ = {
			isa = PBXNativeTarget;
			buildConfigurationList = EEA8745425A7B12000E451FA /* Build configuration list for PBXNativeTarget "SimdHashTest" */;
			buildPhases = (
				EEA8744C25A7B12000E451FA /* Sources */,
				EEA8744D25A7B12000E451FA /* Frameworks */,
				EEA8744E25A7B12000E451FA /* CopyFiles */,
			);
			buildRules = (
			);
			dependencies = (
			);
			name = SimdHashTest;
			productName = SimdHashTest;
			productReference = EEA8745025A7B12000E451FA /* SimdHashTest */;
			productType = "com.apple.product-type.tool";
		};
/* End PBXNativeTarget section */

/* Begin PBXProject section */
		EE559FBF24F5B07A006BA9E8 /* Project object */ = {
			isa = PBXProject;
			attributes = {
				LastUpgradeCheck = 1160;
				ORGANIZATIONNAME = "Gareth Evans";
				TargetAttributes = {
					EE315613250FFF9700CAD3FD = {
						CreatedOnToolsVersion = 11.6;
					};
					EEA8744F25A7B12000E451FA = {
						CreatedOnToolsVersion = 12.3;
					};
				};
			};
			buildConfigurationList = EE559FC224F5B07A006BA9E8 /* Build configuration list for PBXProject "SimdHash" */;
			compatibilityVersion = "Xcode 9.3";
			developmentRegion = en;
			hasScannedForEncodings = 0;
			knownRegions = (
				en,
				Base,
			);
			mainGroup = EE559FBE24F5B07A006BA9E8;
			productRefGroup = EE559FC824F5B07A006BA9E8 /* Products */;
			projectDirPath = "";
			projectRoot = "";
			targets = (
				EE315613250FFF9700CAD3FD /* SimdHash */,
				EEA8744F25A7B12000E451FA /* SimdHashTest */,
			);
		};
/* End PBXProject section */

/* Begin PBXSourcesBuildPhase section */
		EE315611250FFF9700CAD3FD /* Sources */ = {
			isa = PBXSourcesBuildPhase;
			buildActionMask = 2147483647;
			files = (
				EEF59A2C25B9DCFF00240F2B /* shacommon.c in Sources */,
				EE6F9C8525B84C0400551C54 /* sha1.c in Sources */,
				EE315618250FFFB200CAD3FD /* sha2.c in Sources */,
			);
			runOnlyForDeploymentPostprocessing = 0;
		};
		EEA8744C25A7B12000E451FA /* Sources */ = {
			isa = PBXSourcesBuildPhase;
			buildActionMask = 2147483647;
			files = (
				EEA8745325A7B12000E451FA /* main.c in Sources */,
			);
			runOnlyForDeploymentPostprocessing = 0;
		};
/* End PBXSourcesBuildPhase section */

/* Begin XCBuildConfiguration section */
		EE315616250FFF9800CAD3FD /* Debug */ = {
			isa = XCBuildConfiguration;
			buildSettings = {
				CLANG_X86_VECTOR_INSTRUCTIONS = avx2;
				CODE_SIGN_STYLE = Automatic;
				DEPLOYMENT_LOCATION = YES;
				DSTROOT = /;
				DYLIB_COMPATIBILITY_VERSION = 1;
				DYLIB_CURRENT_VERSION = 1;
				EXECUTABLE_PREFIX = lib;
				GCC_UNROLL_LOOPS = YES;
				PRODUCT_NAME = "$(TARGET_NAME)";
				SKIP_INSTALL = NO;
				SYMROOT = build;
			};
			name = Debug;
		};
		EE315617250FFF9800CAD3FD /* Release */ = {
			isa = XCBuildConfiguration;
			buildSettings = {
				CLANG_X86_VECTOR_INSTRUCTIONS = avx2;
				CODE_SIGN_STYLE = Automatic;
				DEPLOYMENT_LOCATION = YES;
				DSTROOT = /;
				DYLIB_COMPATIBILITY_VERSION = 1;
				DYLIB_CURRENT_VERSION = 1;
				EXECUTABLE_PREFIX = lib;
				GCC_UNROLL_LOOPS = YES;
				PRODUCT_NAME = "$(TARGET_NAME)";
				SKIP_INSTALL = NO;
				SYMROOT = build;
			};
			name = Release;
		};
		EE559FCC24F5B07A006BA9E8 /* Debug */ = {
			isa = XCBuildConfiguration;
			buildSettings = {
				ALWAYS_SEARCH_USER_PATHS = NO;
				CLANG_ANALYZER_NONNULL = YES;
				CLANG_ANALYZER_NUMBER_OBJECT_CONVERSION = YES_AGGRESSIVE;
				CLANG_CXX_LANGUAGE_STANDARD = "gnu++14";
				CLANG_CXX_LIBRARY = "libc++";
				CLANG_ENABLE_MODULES = YES;
				CLANG_ENABLE_OBJC_ARC = YES;
				CLANG_ENABLE_OBJC_WEAK = YES;
				CLANG_WARN_BLOCK_CAPTURE_AUTORELEASING = YES;
				CLANG_WARN_BOOL_CONVERSION = YES;
				CLANG_WARN_COMMA = YES;
				CLANG_WARN_CONSTANT_CONVERSION = YES;
				CLANG_WARN_DEPRECATED_OBJC_IMPLEMENTATIONS = YES;
				CLANG_WARN_DIRECT_OBJC_ISA_USAGE = YES_ERROR;
				CLANG_WARN_DOCUMENTATION_COMMENTS = YES;
				CLANG_WARN_EMPTY_BODY = YES;
				CLANG_WARN_ENUM_CONVERSION = YES;
				CLANG_WARN_INFINITE_RECURSION = YES;
				CLANG_WARN_INT_CONVERSION = YES;
				CLANG_WARN_NON_LITERAL_NULL_CONVERSION = YES;
				CLANG_WARN_OBJC_IMPLICIT_RETAIN_SELF = YES;
				CLANG_WARN_OBJC_LITERAL_CONVERSION = YES;
				CLANG_WARN_OBJC_ROOT_CLASS = YES_ERROR;
				CLANG_WARN_RANGE_LOOP_ANALYSIS = YES;
				CLANG_WARN_STRICT_PROTOTYPES = YES;
				CLANG_WARN_SUSPICIOUS_MOVE = YES;
				CLANG_WARN_UNGUARDED_AVAILABILITY = YES_AGGRESSIVE;
				CLANG_WARN_UNREACHABLE_CODE = YES;
				CLANG_WARN__DUPLICATE_METHOD_MATCH = YES;
				COPY_PHASE_STRIP = NO;
				DEBUG_INFORMATION_FORMAT = dwarf;
				ENABLE_STRICT_OBJC_MSGSEND = YES;
				ENABLE_TESTABILITY = YES;
				GCC_C_LANGUAGE_STANDARD = gnu11;
				GCC_DYNAMIC_NO_PIC = NO;
				GCC_NO_COMMON_BLOCKS = YES;
				GCC_OPTIMIZATION_LEVEL = 0;
				GCC_PREPROCESSOR_DEFINITIONS = (
					"DEBUG=1",
					"$(inherited)",
				);
				GCC_WARN_64_TO_32_BIT_CONVERSION = YES;
				GCC_WARN_ABOUT_RETURN_TYPE = YES_ERROR;
				GCC_WARN_UNDECLARED_SELECTOR = YES;
				GCC_WARN_UNINITIALIZED_AUTOS = YES_AGGRESSIVE;
				GCC_WARN_UNUSED_FUNCTION = YES;
				GCC_WARN_UNUSED_VARIABLE = YES;
				MACOSX_DEPLOYMENT_TARGET = 10.15;
				MTL_ENABLE_DEBUG_INFO = INCLUDE_SOURCE;
				MTL_FAST_MATH = YES;
				ONLY_ACTIVE_ARCH = YES;
				SDKROOT = macosx;
			};
			name = Debug;
		};
		EE559FCD24F5B07A006BA9E8 /* Release */ = {
			isa = XCBuildConfiguration;
			buildSettings = {
				ALWAYS_SEARCH_USER_PATHS = NO;
				CLANG_ANALYZER_NONNULL = YES;
				CLANG_ANALYZER_NUMBER_OBJECT_CONVERSION = YES_AGGRESSIVE;
				CLANG_CXX_LANGUAGE_STANDARD = "gnu++14";
				CLANG_CXX_LIBRARY = "libc++";
				CLANG_ENABLE_MODULES = YES;
				CLANG_ENABLE_OBJC_ARC = YES;
				CLANG_ENABLE_OBJC_WEAK = YES;
				CLANG_WARN_BLOCK_CAPTURE_AUTORELEASING = YES;
				CLANG_WARN_BOOL_CONVERSION = YES;
				CLANG_WARN_COMMA = YES;
				CLANG_WARN_CONSTANT_CONVERSION = YES;
				CLANG_WARN_DEPRECATED_OBJC_IMPLEMENTATIONS = YES;
				CLANG_WARN_DIRECT_OBJC_ISA_USAGE = YES_ERROR;
				CLANG_WARN_DOCUMENTATION_COMMENTS = YES;
				CLANG_WARN_EMPTY_BODY = YES;
				CLANG_WARN_ENUM_CONVERSION = YES;
				CLANG_WARN_INFINITE_RECURSION = YES;
				CLANG_WARN_INT_CONVERSION = YES;
				CLANG_WARN_NON_LITERAL_NULL_CONVERSION = YES;
				CLANG_WARN_OBJC_IMPLICIT_RETAIN_SELF = YES;
				CLANG_WARN_OBJC_LITERAL_CONVERSION = YES;
				CLANG_WARN_OBJC_ROOT_CLASS = YES_ERROR;
				CLANG_WARN_RANGE_LOOP_ANALYSIS = YES;
				CLANG_WARN_STRICT_PROTOTYPES = YES;
				CLANG_WARN_SUSPICIOUS_MOVE = YES;
				CLANG_WARN_UNGUARDED_AVAILABILITY = YES_AGGRESSIVE;
				CLANG_WARN_UNREACHABLE_CODE = YES;
				CLANG_WARN__DUPLICATE_METHOD_MATCH = YES;
				COPY_PHASE_STRIP = NO;
				DEBUG_INFORMATION_FORMAT = "dwarf-with-dsym";
				ENABLE_NS_ASSERTIONS = NO;
				ENABLE_STRICT_OBJC_MSGSEND = YES;
				GCC_C_LANGUAGE_STANDARD = gnu11;
				GCC_NO_COMMON_BLOCKS = YES;
				GCC_WARN_64_TO_32_BIT_CONVERSION = YES;
				GCC_WARN_ABOUT_RETURN_TYPE = YES_ERROR;
				GCC_WARN_UNDECLARED_SELECTOR = YES;
				GCC_WARN_UNINITIALIZED_AUTOS = YES_AGGRESSIVE;
				GCC_WARN_UNUSED_FUNCTION = YES;
				GCC_WARN_UNUSED_VARIABLE = YES;
				MACOSX_DEPLOYMENT_TARGET = 10.15;
				MTL_ENABLE_DEBUG_INFO = NO;
				MTL_FAST_MATH = YES;
				SDKROOT = macosx;
			};
			name = Release;
		};
		EEA8745525A7B12000E451FA /* Debug */ = {
			isa = XCBuildConfiguration;
			buildSettings = {
				CLANG_WARN_QUOTED_INCLUDE_IN_FRAMEWORK_HEADER = YES;
				CODE_SIGN_STYLE = Automatic;
				MACOSX_DEPLOYMENT_TARGET = 11.1;
				PRODUCT_NAME = "$(TARGET_NAME)";
			};
			name = Debug;
		};
		EEA8745625A7B12000E451FA /* Release */ = {
			isa = XCBuildConfiguration;
			buildSettings = {
				CLANG_WARN_QUOTED_INCLUDE_IN_FRAMEWORK_HEADER = YES;
				CODE_SIGN_STYLE = Automatic;
				MACOSX_DEPLOYMENT_TARGET = 11.1;
				PRODUCT_NAME = "$(TARGET_NAME)";
			};
			name = Release;
		};
/* End XCBuildConfiguration section */

/* Begin XCConfigurationList section */
		EE315615250FFF9800CAD3FD /* Build configuration list for PBXNativeTarget "SimdHash" */ = {
			isa = XCConfigurationList;
			buildConfigurations = (
				EE315616250FFF9800CAD3FD /* Debug */,
				EE315617250FFF9800CAD3FD /* Release */,
			);
			defaultConfigurationIsVisible = 0;
			defaultConfigurationName = Release;
		};
		EE559FC224F5B07A006BA9E8 /* Build configuration list for PBXProject "SimdHash" */ = {
			isa = XCConfigurationList;
			buildConfigurations = (
				EE559FCC24F5B07A006BA9E8 /* Debug */,
				EE559FCD24F5B07A006BA9E8 /* Release */,
			);
			defaultConfigurationIsVisible = 0;
			defaultConfigurationName = Release;
		};
		EEA8745425A7B12000E451FA /* Build configuration list for PBXNativeTarget "SimdHashTest" */ = {
			isa = XCConfigurationList;
			buildConfigurations = (
				EEA8745525A7B12000E451FA /* Debug */,
				EEA8745625A7B12000E451FA /* Release */,
			);
			defaultConfigurationIsVisible = 0;
			defaultConfigurationName = Release;
		};
/* End XCConfigurationList section */
	};
	rootObject = EE559FBF24F5B07A006BA9E8 /* Project object */;
}
